// !$*UTF8*$!
{
	archiveVersion = 1;
	classes = {
	};
	objectVersion = 46;
	objects = {

/* Begin PBXBuildFile section */
		A55A899B1A7A04F60033DF08 /* AppDelegate.swift in Sources */ = {isa = PBXBuildFile; fileRef = A55A899A1A7A04F60033DF08 /* AppDelegate.swift */; };
		A55A899D1A7A04F60033DF08 /* ViewController.swift in Sources */ = {isa = PBXBuildFile; fileRef = A55A899C1A7A04F60033DF08 /* ViewController.swift */; };
		A55A89A01A7A04F60033DF08 /* Main.storyboard in Resources */ = {isa = PBXBuildFile; fileRef = A55A899E1A7A04F60033DF08 /* Main.storyboard */; };
		A55A89A21A7A04F60033DF08 /* Images.xcassets in Resources */ = {isa = PBXBuildFile; fileRef = A55A89A11A7A04F60033DF08 /* Images.xcassets */; };
		A55A89A51A7A04F60033DF08 /* LaunchScreen.xib in Resources */ = {isa = PBXBuildFile; fileRef = A55A89A31A7A04F60033DF08 /* LaunchScreen.xib */; };
		A55A89B11A7A04F60033DF08 /* PostcardTests.swift in Sources */ = {isa = PBXBuildFile; fileRef = A55A89B01A7A04F60033DF08 /* PostcardTests.swift */; };
		A5ABEDCE1A7ACC4E00DCCD7B /* SagradaFamilia.jpeg in Resources */ = {isa = PBXBuildFile; fileRef = A5ABEDCD1A7ACC4E00DCCD7B /* SagradaFamilia.jpeg */; };
		A5ABEDD01A7ACFE800DCCD7B /* AlbertEinsteinStamp.jpg in Resources */ = {isa = PBXBuildFile; fileRef = A5ABEDCF1A7ACFE800DCCD7B /* AlbertEinsteinStamp.jpg */; };
/* End PBXBuildFile section */

/* Begin PBXContainerItemProxy section */
		A55A89AB1A7A04F60033DF08 /* PBXContainerItemProxy */ = {
			isa = PBXContainerItemProxy;
			containerPortal = A55A898D1A7A04F50033DF08 /* Project object */;
			proxyType = 1;
			remoteGlobalIDString = A55A89941A7A04F60033DF08;
			remoteInfo = Postcard;
		};
/* End PBXContainerItemProxy section */

/* Begin PBXFileReference section */
		A55A89951A7A04F60033DF08 /* Postcard.app */ = {isa = PBXFileReference; explicitFileType = wrapper.application; includeInIndex = 0; path = Postcard.app; sourceTree = BUILT_PRODUCTS_DIR; };
		A55A89991A7A04F60033DF08 /* Info.plist */ = {isa = PBXFileReference; lastKnownFileType = text.plist.xml; path = Info.plist; sourceTree = "<group>"; };
		A55A899A1A7A04F60033DF08 /* AppDelegate.swift */ = {isa = PBXFileReference; lastKnownFileType = sourcecode.swift; path = AppDelegate.swift; sourceTree = "<group>"; };
		A55A899C1A7A04F60033DF08 /* ViewController.swift */ = {isa = PBXFileReference; indentWidth = 4; lastKnownFileType = sourcecode.swift; path = ViewController.swift; sourceTree = "<group>"; tabWidth = 4; usesTabs = 0; wrapsLines = 0; };
		A55A899F1A7A04F60033DF08 /* Base */ = {isa = PBXFileReference; lastKnownFileType = file.storyboard; name = Base; path = Base.lproj/Main.storyboard; sourceTree = "<group>"; };
		A55A89A11A7A04F60033DF08 /* Images.xcassets */ = {isa = PBXFileReference; lastKnownFileType = folder.assetcatalog; path = Images.xcassets; sourceTree = "<group>"; };
		A55A89A41A7A04F60033DF08 /* Base */ = {isa = PBXFileReference; lastKnownFileType = file.xib; name = Base; path = Base.lproj/LaunchScreen.xib; sourceTree = "<group>"; };
		A55A89AA1A7A04F60033DF08 /* PostcardTests.xctest */ = {isa = PBXFileReference; explicitFileType = wrapper.cfbundle; includeInIndex = 0; path = PostcardTests.xctest; sourceTree = BUILT_PRODUCTS_DIR; };
		A55A89AF1A7A04F60033DF08 /* Info.plist */ = {isa = PBXFileReference; lastKnownFileType = text.plist.xml; path = Info.plist; sourceTree = "<group>"; };
		A55A89B01A7A04F60033DF08 /* PostcardTests.swift */ = {isa = PBXFileReference; lastKnownFileType = sourcecode.swift; path = PostcardTests.swift; sourceTree = "<group>"; };
		A5ABEDCD1A7ACC4E00DCCD7B /* SagradaFamilia.jpeg */ = {isa = PBXFileReference; lastKnownFileType = image.jpeg; path = SagradaFamilia.jpeg; sourceTree = "<group>"; };
		A5ABEDCF1A7ACFE800DCCD7B /* AlbertEinsteinStamp.jpg */ = {isa = PBXFileReference; lastKnownFileType = image.jpeg; path = AlbertEinsteinStamp.jpg; sourceTree = "<group>"; };
/* End PBXFileReference section */

/* Begin PBXFrameworksBuildPhase section */
		A55A89921A7A04F60033DF08 /* Frameworks */ = {
			isa = PBXFrameworksBuildPhase;
			buildActionMask = 2147483647;
			files = (
			);
			runOnlyForDeploymentPostprocessing = 0;
		};
		A55A89A71A7A04F60033DF08 /* Frameworks */ = {
			isa = PBXFrameworksBuildPhase;
			buildActionMask = 2147483647;
			files = (
			);
			runOnlyForDeploymentPostprocessing = 0;
		};
/* End PBXFrameworksBuildPhase section */

/* Begin PBXGroup section */
		A55A898C1A7A04F50033DF08 = {
			isa = PBXGroup;
			children = (
				A55A89971A7A04F60033DF08 /* Postcard */,
				A55A89AD1A7A04F60033DF08 /* PostcardTests */,
				A55A89961A7A04F60033DF08 /* Products */,
			);
			sourceTree = "<group>";
		};
		A55A89961A7A04F60033DF08 /* Products */ = {
			isa = PBXGroup;
			children = (
				A55A89951A7A04F60033DF08 /* Postcard.app */,
				A55A89AA1A7A04F60033DF08 /* PostcardTests.xctest */,
			);
			name = Products;
			sourceTree = "<group>";
		};
		A55A89971A7A04F60033DF08 /* Postcard */ = {
			isa = PBXGroup;
			children = (
				A55A899A1A7A04F60033DF08 /* AppDelegate.swift */,
				A55A899C1A7A04F60033DF08 /* ViewController.swift */,
				A55A899E1A7A04F60033DF08 /* Main.storyboard */,
				A55A89A11A7A04F60033DF08 /* Images.xcassets */,
				A55A89A31A7A04F60033DF08 /* LaunchScreen.xib */,
				A55A89981A7A04F60033DF08 /* Supporting Files */,
			);
			path = Postcard;
			sourceTree = "<group>";
		};
		A55A89981A7A04F60033DF08 /* Supporting Files */ = {
			isa = PBXGroup;
			children = (
				A5ABEDCF1A7ACFE800DCCD7B /* AlbertEinsteinStamp.jpg */,
				A5ABEDCD1A7ACC4E00DCCD7B /* SagradaFamilia.jpeg */,
				A55A89991A7A04F60033DF08 /* Info.plist */,
			);
			name = "Supporting Files";
			sourceTree = "<group>";
		};
		A55A89AD1A7A04F60033DF08 /* PostcardTests */ = {
			isa = PBXGroup;
			children = (
				A55A89B01A7A04F60033DF08 /* PostcardTests.swift */,
				A55A89AE1A7A04F60033DF08 /* Supporting Files */,
			);
			path = PostcardTests;
			sourceTree = "<group>";
		};
		A55A89AE1A7A04F60033DF08 /* Supporting Files */ = {
			isa = PBXGroup;
			children = (
				A55A89AF1A7A04F60033DF08 /* Info.plist */,
			);
			name = "Supporting Files";
			sourceTree = "<group>";
		};
/* End PBXGroup section */

/* Begin PBXNativeTarget section */
		A55A89941A7A04F60033DF08 /* Postcard */ = {
			isa = PBXNativeTarget;
			buildConfigurationList = A55A89B41A7A04F60033DF08 /* Build configuration list for PBXNativeTarget "Postcard" */;
			buildPhases = (
				A55A89911A7A04F60033DF08 /* Sources */,
				A55A89921A7A04F60033DF08 /* Frameworks */,
				A55A89931A7A04F60033DF08 /* Resources */,
			);
			buildRules = (
			);
			dependencies = (
			);
			name = Postcard;
			productName = Postcard;
			productReference = A55A89951A7A04F60033DF08 /* Postcard.app */;
			productType = "com.apple.product-type.application";
		};
		A55A89A91A7A04F60033DF08 /* PostcardTests */ = {
			isa = PBXNativeTarget;
			buildConfigurationList = A55A89B71A7A04F60033DF08 /* Build configuration list for PBXNativeTarget "PostcardTests" */;
			buildPhases = (
				A55A89A61A7A04F60033DF08 /* Sources */,
				A55A89A71A7A04F60033DF08 /* Frameworks */,
				A55A89A81A7A04F60033DF08 /* Resources */,
			);
			buildRules = (
			);
			dependencies = (
				A55A89AC1A7A04F60033DF08 /* PBXTargetDependency */,
			);
			name = PostcardTests;
			productName = PostcardTests;
			productReference = A55A89AA1A7A04F60033DF08 /* PostcardTests.xctest */;
			productType = "com.apple.product-type.bundle.unit-test";
		};
/* End PBXNativeTarget section */

/* Begin PBXProject section */
		A55A898D1A7A04F50033DF08 /* Project object */ = {
			isa = PBXProject;
			attributes = {
				LastUpgradeCheck = 0610;
				ORGANIZATIONNAME = "Rémi Vachon";
				TargetAttributes = {
					A55A89941A7A04F60033DF08 = {
						CreatedOnToolsVersion = 6.1.1;
					};
					A55A89A91A7A04F60033DF08 = {
						CreatedOnToolsVersion = 6.1.1;
						TestTargetID = A55A89941A7A04F60033DF08;
					};
				};
			};
			buildConfigurationList = A55A89901A7A04F50033DF08 /* Build configuration list for PBXProject "Postcard" */;
			compatibilityVersion = "Xcode 3.2";
			developmentRegion = English;
			hasScannedForEncodings = 0;
			knownRegions = (
				en,
				Base,
			);
			mainGroup = A55A898C1A7A04F50033DF08;
			productRefGroup = A55A89961A7A04F60033DF08 /* Products */;
			projectDirPath = "";
			projectRoot = "";
			targets = (
				A55A89941A7A04F60033DF08 /* Postcard */,
				A55A89A91A7A04F60033DF08 /* PostcardTests */,
			);
		};
/* End PBXProject section */

/* Begin PBXResourcesBuildPhase section */
		A55A89931A7A04F60033DF08 /* Resources */ = {
			isa = PBXResourcesBuildPhase;
			buildActionMask = 2147483647;
			files = (
				A55A89A01A7A04F60033DF08 /* Main.storyboard in Resources */,
				A5ABEDCE1A7ACC4E00DCCD7B /* SagradaFamilia.jpeg in Resources */,
				A5ABEDD01A7ACFE800DCCD7B /* AlbertEinsteinStamp.jpg in Resources */,
				A55A89A51A7A04F60033DF08 /* LaunchScreen.xib in Resources */,
				A55A89A21A7A04F60033DF08 /* Images.xcassets in Resources */,
			);
			runOnlyForDeploymentPostprocessing = 0;
		};
		A55A89A81A7A04F60033DF08 /* Resources */ = {
			isa = PBXResourcesBuildPhase;
			buildActionMask = 2147483647;
			files = (
			);
			runOnlyForDeploymentPostprocessing = 0;
		};
/* End PBXResourcesBuildPhase section */

/* Begin PBXSourcesBuildPhase section */
		A55A89911A7A04F60033DF08 /* Sources */ = {
			isa = PBXSourcesBuildPhase;
			buildActionMask = 2147483647;
			files = (
				A55A899D1A7A04F60033DF08 /* ViewController.swift in Sources */,
				A55A899B1A7A04F60033DF08 /* AppDelegate.swift in Sources */,
			);
			runOnlyForDeploymentPostprocessing = 0;
		};
		A55A89A61A7A04F60033DF08 /* Sources */ = {
			isa = PBXSourcesBuildPhase;
			buildActionMask = 2147483647;
			files = (
				A55A89B11A7A04F60033DF08 /* PostcardTests.swift in Sources */,
			);
			runOnlyForDeploymentPostprocessing = 0;
		};
/* End PBXSourcesBuildPhase section */

/* Begin PBXTargetDependency section */
		A55A89AC1A7A04F60033DF08 /* PBXTargetDependency */ = {
			isa = PBXTargetDependency;
			target = A55A89941A7A04F60033DF08 /* Postcard */;
			targetProxy = A55A89AB1A7A04F60033DF08 /* PBXContainerItemProxy */;
		};
/* End PBXTargetDependency section */

/* Begin PBXVariantGroup section */
		A55A899E1A7A04F60033DF08 /* Main.storyboard */ = {
			isa = PBXVariantGroup;
			children = (
				A55A899F1A7A04F60033DF08 /* Base */,
			);
			name = Main.storyboard;
			sourceTree = "<group>";
		};
		A55A89A31A7A04F60033DF08 /* LaunchScreen.xib */ = {
			isa = PBXVariantGroup;
			children = (
				A55A89A41A7A04F60033DF08 /* Base */,
			);
			name = LaunchScreen.xib;
			sourceTree = "<group>";
		};
/* End PBXVariantGroup section */

/* Begin XCBuildConfiguration section */
		A55A89B21A7A04F60033DF08 /* Debug */ = {
			isa = XCBuildConfiguration;
			buildSettings = {
				ALWAYS_SEARCH_USER_PATHS = NO;
				CLANG_CXX_LANGUAGE_STANDARD = "gnu++0x";
				CLANG_CXX_LIBRARY = "libc++";
				CLANG_ENABLE_MODULES = YES;
				CLANG_ENABLE_OBJC_ARC = YES;
				CLANG_WARN_BOOL_CONVERSION = YES;
				CLANG_WARN_CONSTANT_CONVERSION = YES;
				CLANG_WARN_DIRECT_OBJC_ISA_USAGE = YES_ERROR;
				CLANG_WARN_EMPTY_BODY = YES;
				CLANG_WARN_ENUM_CONVERSION = YES;
				CLANG_WARN_INT_CONVERSION = YES;
				CLANG_WARN_OBJC_ROOT_CLASS = YES_ERROR;
				CLANG_WARN_UNREACHABLE_CODE = YES;
				CLANG_WARN__DUPLICATE_METHOD_MATCH = YES;
				"CODE_SIGN_IDENTITY[sdk=iphoneos*]" = "iPhone Developer";
				COPY_PHASE_STRIP = NO;
				ENABLE_STRICT_OBJC_MSGSEND = YES;
				GCC_C_LANGUAGE_STANDARD = gnu99;
				GCC_DYNAMIC_NO_PIC = NO;
				GCC_OPTIMIZATION_LEVEL = 0;
				GCC_PREPROCESSOR_DEFINITIONS = (
					"DEBUG=1",
					"$(inherited)",
				);
				GCC_SYMBOLS_PRIVATE_EXTERN = NO;
				GCC_WARN_64_TO_32_BIT_CONVERSION = YES;
				GCC_WARN_ABOUT_RETURN_TYPE = YES_ERROR;
				GCC_WARN_UNDECLARED_SELECTOR = YES;
				GCC_WARN_UNINITIALIZED_AUTOS = YES_AGGRESSIVE;
				GCC_WARN_UNUSED_FUNCTION = YES;
				GCC_WARN_UNUSED_VARIABLE = YES;
				IPHONEOS_DEPLOYMENT_TARGET = 8.1;
				MTL_ENABLE_DEBUG_INFO = YES;
				ONLY_ACTIVE_ARCH = YES;
				SDKROOT = iphoneos;
				SWIFT_OPTIMIZATION_LEVEL = "-Onone";
				TARGETED_DEVICE_FAMILY = "1,2";
			};
			name = Debug;
		};
		A55A89B31A7A04F60033DF08 /* Release */ = {
			isa = XCBuildConfiguration;
			buildSettings = {
				ALWAYS_SEARCH_USER_PATHS = NO;
				CLANG_CXX_LANGUAGE_STANDARD = "gnu++0x";
				CLANG_CXX_LIBRARY = "libc++";
				CLANG_ENABLE_MODULES = YES;
				CLANG_ENABLE_OBJC_ARC = YES;
				CLANG_WARN_BOOL_CONVERSION = YES;
				CLANG_WARN_CONSTANT_CONVERSION = YES;
				CLANG_WARN_DIRECT_OBJC_ISA_USAGE = YES_ERROR;
				CLANG_WARN_EMPTY_BODY = YES;
				CLANG_WARN_ENUM_CONVERSION = YES;
				CLANG_WARN_INT_CONVERSION = YES;
				CLANG_WARN_OBJC_ROOT_CLASS = YES_ERROR;
				CLANG_WARN_UNREACHABLE_CODE = YES;
				CLANG_WARN__DUPLICATE_METHOD_MATCH = YES;
				"CODE_SIGN_IDENTITY[sdk=iphoneos*]" = "iPhone Developer";
				COPY_PHASE_STRIP = YES;
				ENABLE_NS_ASSERTIONS = NO;
				ENABLE_STRICT_OBJC_MSGSEND = YES;
				GCC_C_LANGUAGE_STANDARD = gnu99;
				GCC_WARN_64_TO_32_BIT_CONVERSION = YES;
				GCC_WARN_ABOUT_RETURN_TYPE = YES_ERROR;
				GCC_WARN_UNDECLARED_SELECTOR = YES;
				GCC_WARN_UNINITIALIZED_AUTOS = YES_AGGRESSIVE;
				GCC_WARN_UNUSED_FUNCTION = YES;
				GCC_WARN_UNUSED_VARIABLE = YES;
				IPHONEOS_DEPLOYMENT_TARGET = 8.1;
				MTL_ENABLE_DEBUG_INFO = NO;
				SDKROOT = iphoneos;
				TARGETED_DEVICE_FAMILY = "1,2";
				VALIDATE_PRODUCT = YES;
			};
			name = Release;
		};
		A55A89B51A7A04F60033DF08 /* Debug */ = {
			isa = XCBuildConfiguration;
			buildSettings = {
				ASSETCATALOG_COMPILER_APPICON_NAME = AppIcon;
				INFOPLIST_FILE = Postcard/Info.plist;
				LD_RUNPATH_SEARCH_PATHS = "$(inherited) @executable_path/Frameworks";
				PRODUCT_NAME = "$(TARGET_NAME)";
			};
			name = Debug;
		};
		A55A89B61A7A04F60033DF08 /* Release */ = {
			isa = XCBuildConfiguration;
			buildSettings = {
				ASSETCATALOG_COMPILER_APPICON_NAME = AppIcon;
				INFOPLIST_FILE = Postcard/Info.plist;
				LD_RUNPATH_SEARCH_PATHS = "$(inherited) @executable_path/Frameworks";
				PRODUCT_NAME = "$(TARGET_NAME)";
			};
			name = Release;
		};
		A55A89B81A7A04F60033DF08 /* Debug */ = {
			isa = XCBuildConfiguration;
			buildSettings = {
				BUNDLE_LOADER = "$(TEST_HOST)";
				FRAMEWORK_SEARCH_PATHS = (
					"$(SDKROOT)/Developer/Library/Frameworks",
					"$(inherited)",
				);
				GCC_PREPROCESSOR_DEFINITIONS = (
					"DEBUG=1",
					"$(inherited)",
				);
				INFOPLIST_FILE = PostcardTests/Info.plist;
				LD_RUNPATH_SEARCH_PATHS = "$(inherited) @executable_path/Frameworks @loader_path/Frameworks";
				PRODUCT_NAME = "$(TARGET_NAME)";
				TEST_HOST = "$(BUILT_PRODUCTS_DIR)/Postcard.app/Postcard";
			};
			name = Debug;
		};
		A55A89B91A7A04F60033DF08 /* Release */ = {
			isa = XCBuildConfiguration;
			buildSettings = {
				BUNDLE_LOADER = "$(TEST_HOST)";
				FRAMEWORK_SEARCH_PATHS = (
					"$(SDKROOT)/Developer/Library/Frameworks",
					"$(inherited)",
				);
				INFOPLIST_FILE = PostcardTests/Info.plist;
				LD_RUNPATH_SEARCH_PATHS = "$(inherited) @executable_path/Frameworks @loader_path/Frameworks";
				PRODUCT_NAME = "$(TARGET_NAME)";
				TEST_HOST = "$(BUILT_PRODUCTS_DIR)/Postcard.app/Postcard";
			};
			name = Release;
		};
/* End XCBuildConfiguration section */

/* Begin XCConfigurationList section */
		A55A89901A7A04F50033DF08 /* Build configuration list for PBXProject "Postcard" */ = {
			isa = XCConfigurationList;
			buildConfigurations = (
				A55A89B21A7A04F60033DF08 /* Debug */,
				A55A89B31A7A04F60033DF08 /* Release */,
			);
			defaultConfigurationIsVisible = 0;
			defaultConfigurationName = Release;
		};
		A55A89B41A7A04F60033DF08 /* Build configuration list for PBXNativeTarget "Postcard" */ = {
			isa = XCConfigurationList;
			buildConfigurations = (
				A55A89B51A7A04F60033DF08 /* Debug */,
				A55A89B61A7A04F60033DF08 /* Release */,
			);
			defaultConfigurationIsVisible = 0;
			defaultConfigurationName = Release;
		};
		A55A89B71A7A04F60033DF08 /* Build configuration list for PBXNativeTarget "PostcardTests" */ = {
			isa = XCConfigurationList;
			buildConfigurations = (
				A55A89B81A7A04F60033DF08 /* Debug */,
				A55A89B91A7A04F60033DF08 /* Release */,
			);
			defaultConfigurationIsVisible = 0;
			defaultConfigurationName = Release;
		};
/* End XCConfigurationList section */
	};
	rootObject = A55A898D1A7A04F50033DF08 /* Project object */;
}
